# This file is automatically @generated by Poetry and should not be changed by hand.

[[package]]
name = "cfgv"
version = "3.3.1"
description = "Validate configuration and produce human readable error messages."
category = "dev"
optional = false
python-versions = ">=3.6.1"
files = [
    {file = "cfgv-3.3.1-py2.py3-none-any.whl", hash = "sha256:c6a0883f3917a037485059700b9e75da2464e6c27051014ad85ba6aaa5884426"},
    {file = "cfgv-3.3.1.tar.gz", hash = "sha256:f5a830efb9ce7a445376bb66ec94c638a9787422f96264c98edc6bdeed8ab736"},
]

[[package]]
name = "distlib"
version = "0.3.6"
description = "Distribution utilities"
category = "dev"
optional = false
python-versions = "*"
files = [
    {file = "distlib-0.3.6-py2.py3-none-any.whl", hash = "sha256:f35c4b692542ca110de7ef0bea44d73981caeb34ca0b9b6b2e6d7790dda8f80e"},
    {file = "distlib-0.3.6.tar.gz", hash = "sha256:14bad2d9b04d3a36127ac97f30b12a19268f211063d8f8ee4f47108896e11b46"},
]

[[package]]
name = "filelock"
version = "3.11.0"
description = "A platform independent file lock."
category = "dev"
optional = false
python-versions = ">=3.7"
files = [
    {file = "filelock-3.11.0-py3-none-any.whl", hash = "sha256:f08a52314748335c6460fc8fe40cd5638b85001225db78c2aa01c8c0db83b318"},
    {file = "filelock-3.11.0.tar.gz", hash = "sha256:3618c0da67adcc0506b015fd11ef7faf1b493f0b40d87728e19986b536890c37"},
]

[package.extras]
docs = ["furo (>=2023.3.27)", "sphinx (>=6.1.3)", "sphinx-autodoc-typehints (>=1.22,!=1.23.4)"]
testing = ["covdefaults (>=2.3)", "coverage (>=7.2.2)", "diff-cover (>=7.5)", "pytest (>=7.2.2)", "pytest-cov (>=4)", "pytest-mock (>=3.10)", "pytest-timeout (>=2.1)"]

[[package]]
name = "gemmi"
version = "0.6.0"
description = "library for structural biology"
category = "dev"
optional = false
python-versions = "*"
files = [
    {file = "gemmi-0.6.0-cp310-cp310-macosx_10_9_x86_64.whl", hash = "sha256:459a9261bfeb22617ed67e7d287f9ec6decd6f32c7164ebcee512450778dcd7c"},
    {file = "gemmi-0.6.0-cp310-cp310-macosx_11_0_arm64.whl", hash = "sha256:55c6444dec912b5f468f3bef2c73dbc2596c3b69e2e7a0c7a6920af5239c8079"},
    {file = "gemmi-0.6.0-cp310-cp310-manylinux_2_17_x86_64.manylinux2014_x86_64.whl", hash = "sha256:53f36f9580c20e97382d04530da6419474a69ae1a276bc326cb98fb0285d1993"},
    {file = "gemmi-0.6.0-cp310-cp310-musllinux_1_1_x86_64.whl", hash = "sha256:b1a9aa302cc97490fe30563d37818ca572a0e6db5fa61b0a366c3fcfc26bb076"},
    {file = "gemmi-0.6.0-cp310-cp310-win_amd64.whl", hash = "sha256:942c0eadbc3c2f9fa10e92f88f4ca06f467d09476adb2453022eedc7cbb83f92"},
    {file = "gemmi-0.6.0-cp311-cp311-macosx_10_9_x86_64.whl", hash = "sha256:d9afbc427e3c377ef19f06483b1333b21b555431a30e29860179821ea700bcf3"},
    {file = "gemmi-0.6.0-cp311-cp311-macosx_11_0_arm64.whl", hash = "sha256:a125aa0d0ba8d9f62cfe8a7aa482e3d4cd7bf63a36bfa1541e658e1777a3658f"},
    {file = "gemmi-0.6.0-cp311-cp311-manylinux_2_17_x86_64.manylinux2014_x86_64.whl", hash = "sha256:ad88eb8e45f3be71adcbb7d22a232209ea923a744fc841009ed1dc9603606b1b"},
    {file = "gemmi-0.6.0-cp311-cp311-musllinux_1_1_x86_64.whl", hash = "sha256:5652af8c530b001dc52dea0d96472647563e6c16fdc8c05521ed75e8e6eae849"},
    {file = "gemmi-0.6.0-cp311-cp311-win_amd64.whl", hash = "sha256:234632b40c6d362bc014fb0ef1abb43bdf38c45951224a1574d50314d7a0612a"},
    {file = "gemmi-0.6.0-cp36-cp36m-macosx_10_9_x86_64.whl", hash = "sha256:0c2c3a4d212c7abba4f5ee31ceb89539149029901b151f0e825b2e0d1c08de86"},
    {file = "gemmi-0.6.0-cp36-cp36m-manylinux_2_17_x86_64.manylinux2014_x86_64.whl", hash = "sha256:a76a6527189ee7a8b264e3eb1a3101ee91fe9ee5fc4fc4877b60192c18c2e1d8"},
    {file = "gemmi-0.6.0-cp36-cp36m-win_amd64.whl", hash = "sha256:83050ea25141aea4b8b751ab46a2c08b406fb2cdc38e0ea0a974a6e19818a26b"},
    {file = "gemmi-0.6.0-cp37-cp37m-macosx_10_9_x86_64.whl", hash = "sha256:80436bec1096b132c90035f4eb426cfacc4f20bee9c65d4e2ae15c86c7b133a7"},
    {file = "gemmi-0.6.0-cp37-cp37m-manylinux_2_17_x86_64.manylinux2014_x86_64.whl", hash = "sha256:468d03a09b18f99b99d3ed27f14b13249f656eaf9975c6fb07f6d13afba5d6c2"},
    {file = "gemmi-0.6.0-cp37-cp37m-win_amd64.whl", hash = "sha256:ec75d31aa2845c57298743dc1b0312815c0733fc11ef5a94efec5566be18d8f5"},
    {file = "gemmi-0.6.0-cp38-cp38-macosx_10_9_x86_64.whl", hash = "sha256:dc9e9cf7db80ba241a034249c2892e697a132f45fdaa337941388b3083744c67"},
    {file = "gemmi-0.6.0-cp38-cp38-macosx_11_0_arm64.whl", hash = "sha256:37766cb63ec345c482a04297dda23a21c3ecbb979031235b7db855721c9d1955"},
    {file = "gemmi-0.6.0-cp38-cp38-manylinux_2_17_x86_64.manylinux2014_x86_64.whl", hash = "sha256:2e226bf9ddc1dc452452f92622bf01214a80d5d7b9a3326b82692ee3882422cd"},
    {file = "gemmi-0.6.0-cp38-cp38-win_amd64.whl", hash = "sha256:e3b486987e918df59d59e105d65e7f937366179441c913feb3f6fd1059a4d008"},
    {file = "gemmi-0.6.0-cp39-cp39-macosx_10_9_x86_64.whl", hash = "sha256:2426b10b0c3f93a520dd3ecf265f0333ea547e1df8d52bd055c6a41d7c0ca7b3"},
    {file = "gemmi-0.6.0-cp39-cp39-macosx_11_0_arm64.whl", hash = "sha256:84735f97423b05aaa65976f12cf8ec2f919ba30d721e506683c0e97ed26aa5e5"},
    {file = "gemmi-0.6.0-cp39-cp39-manylinux_2_17_x86_64.manylinux2014_x86_64.whl", hash = "sha256:d745bac76136c689bc3bf928d1df50e2cebe331cf6f0e66be1602c7dc0a368a4"},
    {file = "gemmi-0.6.0-cp39-cp39-musllinux_1_1_x86_64.whl", hash = "sha256:b3affa88837aff2a4bf0c30b762209a2168034a88517f1345b90a1ae99618da1"},
    {file = "gemmi-0.6.0-cp39-cp39-win_amd64.whl", hash = "sha256:e5ff3b03289734a52ab0443269a5383fbafe56930a73901c88aa8cb79e39785d"},
    {file = "gemmi-0.6.0-pp39-pypy39_pp73-macosx_10_9_x86_64.whl", hash = "sha256:58728a66b4cd75ef2e2053a22fe8bb86cecfa648bcd2a9b7ed9f407245cd7d14"},
    {file = "gemmi-0.6.0-pp39-pypy39_pp73-manylinux_2_17_x86_64.manylinux2014_x86_64.whl", hash = "sha256:1748d9e2d96595c6d962d6c64e7f764d4e2d69acae448c5f70474ca6a61e4810"},
    {file = "gemmi-0.6.0-pp39-pypy39_pp73-win_amd64.whl", hash = "sha256:aeddf98a3004a8dbef5d7c53fed8cb5a9bae73b279ceafdebd07fba6a1c0fd67"},
    {file = "gemmi-0.6.0.tar.gz", hash = "sha256:21f674eb15d65b79c8751d7cd35c015de58a73ceed1535285ecb0e9e9b0638bc"},
]

[[package]]
name = "identify"
version = "2.5.22"
description = "File identification library for Python"
category = "dev"
optional = false
python-versions = ">=3.7"
files = [
    {file = "identify-2.5.22-py2.py3-none-any.whl", hash = "sha256:f0faad595a4687053669c112004178149f6c326db71ee999ae4636685753ad2f"},
    {file = "identify-2.5.22.tar.gz", hash = "sha256:f7a93d6cf98e29bd07663c60728e7a4057615068d7a639d132dc883b2d54d31e"},
]

[package.extras]
license = ["ukkonen"]

[[package]]
name = "mypy"
version = "1.2.0"
description = "Optional static typing for Python"
category = "dev"
optional = false
python-versions = ">=3.7"
files = [
    {file = "mypy-1.2.0-cp310-cp310-macosx_10_9_x86_64.whl", hash = "sha256:701189408b460a2ff42b984e6bd45c3f41f0ac9f5f58b8873bbedc511900086d"},
    {file = "mypy-1.2.0-cp310-cp310-macosx_11_0_arm64.whl", hash = "sha256:fe91be1c51c90e2afe6827601ca14353bbf3953f343c2129fa1e247d55fd95ba"},
    {file = "mypy-1.2.0-cp310-cp310-manylinux_2_17_x86_64.manylinux2014_x86_64.whl", hash = "sha256:8d26b513225ffd3eacece727f4387bdce6469192ef029ca9dd469940158bc89e"},
    {file = "mypy-1.2.0-cp310-cp310-musllinux_1_1_x86_64.whl", hash = "sha256:3a2d219775a120581a0ae8ca392b31f238d452729adbcb6892fa89688cb8306a"},
    {file = "mypy-1.2.0-cp310-cp310-win_amd64.whl", hash = "sha256:2e93a8a553e0394b26c4ca683923b85a69f7ccdc0139e6acd1354cc884fe0128"},
    {file = "mypy-1.2.0-cp311-cp311-macosx_10_9_x86_64.whl", hash = "sha256:3efde4af6f2d3ccf58ae825495dbb8d74abd6d176ee686ce2ab19bd025273f41"},
    {file = "mypy-1.2.0-cp311-cp311-macosx_11_0_arm64.whl", hash = "sha256:695c45cea7e8abb6f088a34a6034b1d273122e5530aeebb9c09626cea6dca4cb"},
    {file = "mypy-1.2.0-cp311-cp311-manylinux_2_17_x86_64.manylinux2014_x86_64.whl", hash = "sha256:d0e9464a0af6715852267bf29c9553e4555b61f5904a4fc538547a4d67617937"},
    {file = "mypy-1.2.0-cp311-cp311-musllinux_1_1_x86_64.whl", hash = "sha256:8293a216e902ac12779eb7a08f2bc39ec6c878d7c6025aa59464e0c4c16f7eb9"},
    {file = "mypy-1.2.0-cp311-cp311-win_amd64.whl", hash = "sha256:f46af8d162f3d470d8ffc997aaf7a269996d205f9d746124a179d3abe05ac602"},
    {file = "mypy-1.2.0-cp37-cp37m-macosx_10_9_x86_64.whl", hash = "sha256:031fc69c9a7e12bcc5660b74122ed84b3f1c505e762cc4296884096c6d8ee140"},
    {file = "mypy-1.2.0-cp37-cp37m-manylinux_2_17_x86_64.manylinux2014_x86_64.whl", hash = "sha256:390bc685ec209ada4e9d35068ac6988c60160b2b703072d2850457b62499e336"},
    {file = "mypy-1.2.0-cp37-cp37m-musllinux_1_1_x86_64.whl", hash = "sha256:4b41412df69ec06ab141808d12e0bf2823717b1c363bd77b4c0820feaa37249e"},
    {file = "mypy-1.2.0-cp37-cp37m-win_amd64.whl", hash = "sha256:4e4a682b3f2489d218751981639cffc4e281d548f9d517addfd5a2917ac78119"},
    {file = "mypy-1.2.0-cp38-cp38-macosx_10_9_x86_64.whl", hash = "sha256:a197ad3a774f8e74f21e428f0de7f60ad26a8d23437b69638aac2764d1e06a6a"},
    {file = "mypy-1.2.0-cp38-cp38-macosx_11_0_arm64.whl", hash = "sha256:c9a084bce1061e55cdc0493a2ad890375af359c766b8ac311ac8120d3a472950"},
    {file = "mypy-1.2.0-cp38-cp38-manylinux_2_17_x86_64.manylinux2014_x86_64.whl", hash = "sha256:eaeaa0888b7f3ccb7bcd40b50497ca30923dba14f385bde4af78fac713d6d6f6"},
    {file = "mypy-1.2.0-cp38-cp38-musllinux_1_1_x86_64.whl", hash = "sha256:bea55fc25b96c53affab852ad94bf111a3083bc1d8b0c76a61dd101d8a388cf5"},
    {file = "mypy-1.2.0-cp38-cp38-win_amd64.whl", hash = "sha256:4c8d8c6b80aa4a1689f2a179d31d86ae1367ea4a12855cc13aa3ba24bb36b2d8"},
    {file = "mypy-1.2.0-cp39-cp39-macosx_10_9_x86_64.whl", hash = "sha256:70894c5345bea98321a2fe84df35f43ee7bb0feec117a71420c60459fc3e1eed"},
    {file = "mypy-1.2.0-cp39-cp39-macosx_11_0_arm64.whl", hash = "sha256:4a99fe1768925e4a139aace8f3fb66db3576ee1c30b9c0f70f744ead7e329c9f"},
    {file = "mypy-1.2.0-cp39-cp39-manylinux_2_17_x86_64.manylinux2014_x86_64.whl", hash = "sha256:023fe9e618182ca6317ae89833ba422c411469156b690fde6a315ad10695a521"},
    {file = "mypy-1.2.0-cp39-cp39-musllinux_1_1_x86_64.whl", hash = "sha256:4d19f1a239d59f10fdc31263d48b7937c585810288376671eaf75380b074f238"},
    {file = "mypy-1.2.0-cp39-cp39-win_amd64.whl", hash = "sha256:2de7babe398cb7a85ac7f1fd5c42f396c215ab3eff731b4d761d68d0f6a80f48"},
    {file = "mypy-1.2.0-py3-none-any.whl", hash = "sha256:d8e9187bfcd5ffedbe87403195e1fc340189a68463903c39e2b63307c9fa0394"},
    {file = "mypy-1.2.0.tar.gz", hash = "sha256:f70a40410d774ae23fcb4afbbeca652905a04de7948eaf0b1789c8d1426b72d1"},
]

[package.dependencies]
mypy-extensions = ">=1.0.0"
tomli = {version = ">=1.1.0", markers = "python_version < \"3.11\""}
typing-extensions = ">=3.10"

[package.extras]
dmypy = ["psutil (>=4.0)"]
install-types = ["pip"]
python2 = ["typed-ast (>=1.4.0,<2)"]
reports = ["lxml"]

[[package]]
name = "mypy-extensions"
version = "1.0.0"
description = "Type system extensions for programs checked with the mypy type checker."
category = "dev"
optional = false
python-versions = ">=3.5"
files = [
    {file = "mypy_extensions-1.0.0-py3-none-any.whl", hash = "sha256:4392f6c0eb8a5668a69e23d168ffa70f0be9ccfd32b5cc2d26a34ae5b844552d"},
    {file = "mypy_extensions-1.0.0.tar.gz", hash = "sha256:75dbf8955dc00442a438fc4d0666508a9a97b6bd41aa2f0ffe9d2f2725af0782"},
]

[[package]]
name = "nodeenv"
version = "1.7.0"
description = "Node.js virtual environment builder"
category = "dev"
optional = false
python-versions = ">=2.7,!=3.0.*,!=3.1.*,!=3.2.*,!=3.3.*,!=3.4.*,!=3.5.*,!=3.6.*"
files = [
    {file = "nodeenv-1.7.0-py2.py3-none-any.whl", hash = "sha256:27083a7b96a25f2f5e1d8cb4b6317ee8aeda3bdd121394e5ac54e498028a042e"},
    {file = "nodeenv-1.7.0.tar.gz", hash = "sha256:e0e7f7dfb85fc5394c6fe1e8fa98131a2473e04311a45afb6508f7cf1836fa2b"},
]

[package.dependencies]
setuptools = "*"

[[package]]
name = "numpy"
version = "1.24.2"
description = "Fundamental package for array computing in Python"
category = "dev"
optional = false
python-versions = ">=3.8"
files = [
    {file = "numpy-1.24.2-cp310-cp310-macosx_10_9_x86_64.whl", hash = "sha256:eef70b4fc1e872ebddc38cddacc87c19a3709c0e3e5d20bf3954c147b1dd941d"},
    {file = "numpy-1.24.2-cp310-cp310-macosx_11_0_arm64.whl", hash = "sha256:e8d2859428712785e8a8b7d2b3ef0a1d1565892367b32f915c4a4df44d0e64f5"},
    {file = "numpy-1.24.2-cp310-cp310-manylinux_2_17_aarch64.manylinux2014_aarch64.whl", hash = "sha256:6524630f71631be2dabe0c541e7675db82651eb998496bbe16bc4f77f0772253"},
    {file = "numpy-1.24.2-cp310-cp310-manylinux_2_17_x86_64.manylinux2014_x86_64.whl", hash = "sha256:a51725a815a6188c662fb66fb32077709a9ca38053f0274640293a14fdd22978"},
    {file = "numpy-1.24.2-cp310-cp310-win32.whl", hash = "sha256:2620e8592136e073bd12ee4536149380695fbe9ebeae845b81237f986479ffc9"},
    {file = "numpy-1.24.2-cp310-cp310-win_amd64.whl", hash = "sha256:97cf27e51fa078078c649a51d7ade3c92d9e709ba2bfb97493007103c741f1d0"},
    {file = "numpy-1.24.2-cp311-cp311-macosx_10_9_x86_64.whl", hash = "sha256:7de8fdde0003f4294655aa5d5f0a89c26b9f22c0a58790c38fae1ed392d44a5a"},
    {file = "numpy-1.24.2-cp311-cp311-macosx_11_0_arm64.whl", hash = "sha256:4173bde9fa2a005c2c6e2ea8ac1618e2ed2c1c6ec8a7657237854d42094123a0"},
    {file = "numpy-1.24.2-cp311-cp311-manylinux_2_17_aarch64.manylinux2014_aarch64.whl", hash = "sha256:4cecaed30dc14123020f77b03601559fff3e6cd0c048f8b5289f4eeabb0eb281"},
    {file = "numpy-1.24.2-cp311-cp311-manylinux_2_17_x86_64.manylinux2014_x86_64.whl", hash = "sha256:9a23f8440561a633204a67fb44617ce2a299beecf3295f0d13c495518908e910"},
    {file = "numpy-1.24.2-cp311-cp311-win32.whl", hash = "sha256:e428c4fbfa085f947b536706a2fc349245d7baa8334f0c5723c56a10595f9b95"},
    {file = "numpy-1.24.2-cp311-cp311-win_amd64.whl", hash = "sha256:557d42778a6869c2162deb40ad82612645e21d79e11c1dc62c6e82a2220ffb04"},
    {file = "numpy-1.24.2-cp38-cp38-macosx_10_9_x86_64.whl", hash = "sha256:d0a2db9d20117bf523dde15858398e7c0858aadca7c0f088ac0d6edd360e9ad2"},
    {file = "numpy-1.24.2-cp38-cp38-macosx_11_0_arm64.whl", hash = "sha256:c72a6b2f4af1adfe193f7beb91ddf708ff867a3f977ef2ec53c0ffb8283ab9f5"},
    {file = "numpy-1.24.2-cp38-cp38-manylinux_2_17_aarch64.manylinux2014_aarch64.whl", hash = "sha256:c29e6bd0ec49a44d7690ecb623a8eac5ab8a923bce0bea6293953992edf3a76a"},
    {file = "numpy-1.24.2-cp38-cp38-manylinux_2_17_x86_64.manylinux2014_x86_64.whl", hash = "sha256:2eabd64ddb96a1239791da78fa5f4e1693ae2dadc82a76bc76a14cbb2b966e96"},
    {file = "numpy-1.24.2-cp38-cp38-win32.whl", hash = "sha256:e3ab5d32784e843fc0dd3ab6dcafc67ef806e6b6828dc6af2f689be0eb4d781d"},
    {file = "numpy-1.24.2-cp38-cp38-win_amd64.whl", hash = "sha256:76807b4063f0002c8532cfeac47a3068a69561e9c8715efdad3c642eb27c0756"},
    {file = "numpy-1.24.2-cp39-cp39-macosx_10_9_x86_64.whl", hash = "sha256:4199e7cfc307a778f72d293372736223e39ec9ac096ff0a2e64853b866a8e18a"},
    {file = "numpy-1.24.2-cp39-cp39-macosx_11_0_arm64.whl", hash = "sha256:adbdce121896fd3a17a77ab0b0b5eedf05a9834a18699db6829a64e1dfccca7f"},
    {file = "numpy-1.24.2-cp39-cp39-manylinux_2_17_aarch64.manylinux2014_aarch64.whl", hash = "sha256:889b2cc88b837d86eda1b17008ebeb679d82875022200c6e8e4ce6cf549b7acb"},
    {file = "numpy-1.24.2-cp39-cp39-manylinux_2_17_x86_64.manylinux2014_x86_64.whl", hash = "sha256:f64bb98ac59b3ea3bf74b02f13836eb2e24e48e0ab0145bbda646295769bd780"},
    {file = "numpy-1.24.2-cp39-cp39-win32.whl", hash = "sha256:63e45511ee4d9d976637d11e6c9864eae50e12dc9598f531c035265991910468"},
    {file = "numpy-1.24.2-cp39-cp39-win_amd64.whl", hash = "sha256:a77d3e1163a7770164404607b7ba3967fb49b24782a6ef85d9b5f54126cc39e5"},
    {file = "numpy-1.24.2-pp38-pypy38_pp73-macosx_10_9_x86_64.whl", hash = "sha256:92011118955724465fb6853def593cf397b4a1367495e0b59a7e69d40c4eb71d"},
    {file = "numpy-1.24.2-pp38-pypy38_pp73-manylinux_2_17_x86_64.manylinux2014_x86_64.whl", hash = "sha256:f9006288bcf4895917d02583cf3411f98631275bc67cce355a7f39f8c14338fa"},
    {file = "numpy-1.24.2-pp38-pypy38_pp73-win_amd64.whl", hash = "sha256:150947adbdfeceec4e5926d956a06865c1c690f2fd902efede4ca6fe2e657c3f"},
    {file = "numpy-1.24.2.tar.gz", hash = "sha256:003a9f530e880cb2cd177cba1af7220b9aa42def9c4afc2a2fc3ee6be7eb2b22"},
]

[[package]]
name = "platformdirs"
version = "3.2.0"
description = "A small Python package for determining appropriate platform-specific dirs, e.g. a \"user data dir\"."
category = "dev"
optional = false
python-versions = ">=3.7"
files = [
    {file = "platformdirs-3.2.0-py3-none-any.whl", hash = "sha256:ebe11c0d7a805086e99506aa331612429a72ca7cd52a1f0d277dc4adc20cb10e"},
    {file = "platformdirs-3.2.0.tar.gz", hash = "sha256:d5b638ca397f25f979350ff789db335903d7ea010ab28903f57b27e1b16c2b08"},
]

[package.extras]
docs = ["furo (>=2022.12.7)", "proselint (>=0.13)", "sphinx (>=6.1.3)", "sphinx-autodoc-typehints (>=1.22,!=1.23.4)"]
test = ["appdirs (==1.4.4)", "covdefaults (>=2.3)", "pytest (>=7.2.2)", "pytest-cov (>=4)", "pytest-mock (>=3.10)"]

[[package]]
name = "pre-commit"
version = "2.21.0"
description = "A framework for managing and maintaining multi-language pre-commit hooks."
category = "dev"
optional = false
python-versions = ">=3.7"
files = [
    {file = "pre_commit-2.21.0-py2.py3-none-any.whl", hash = "sha256:e2f91727039fc39a92f58a588a25b87f936de6567eed4f0e673e0507edc75bad"},
    {file = "pre_commit-2.21.0.tar.gz", hash = "sha256:31ef31af7e474a8d8995027fefdfcf509b5c913ff31f2015b4ec4beb26a6f658"},
]

[package.dependencies]
cfgv = ">=2.0.0"
identify = ">=1.0.0"
nodeenv = ">=0.11.1"
pyyaml = ">=5.1"
virtualenv = ">=20.10.0"

[[package]]
name = "pybind11-stubgen"
version = "0.13.0"
description = "PEP 561 type stubs generator for pybind11 modules"
category = "dev"
optional = false
python-versions = "*"
files = [
    {file = "pybind11-stubgen-0.13.0.tar.gz", hash = "sha256:f837896dfd211f2f70fdbd3a6533889dd0a761babf8e36e765b1c2ba0ea1089a"},
    {file = "pybind11_stubgen-0.13.0-py3-none-any.whl", hash = "sha256:5158a0d178f21d8f6a7521fe1fc96c4a5214912012b634b19a19ef61f6de0f40"},
]

[[package]]
name = "pyyaml"
version = "6.0"
description = "YAML parser and emitter for Python"
category = "dev"
optional = false
python-versions = ">=3.6"
files = [
    {file = "PyYAML-6.0-cp310-cp310-macosx_10_9_x86_64.whl", hash = "sha256:d4db7c7aef085872ef65a8fd7d6d09a14ae91f691dec3e87ee5ee0539d516f53"},
    {file = "PyYAML-6.0-cp310-cp310-macosx_11_0_arm64.whl", hash = "sha256:9df7ed3b3d2e0ecfe09e14741b857df43adb5a3ddadc919a2d94fbdf78fea53c"},
    {file = "PyYAML-6.0-cp310-cp310-manylinux_2_17_aarch64.manylinux2014_aarch64.whl", hash = "sha256:77f396e6ef4c73fdc33a9157446466f1cff553d979bd00ecb64385760c6babdc"},
    {file = "PyYAML-6.0-cp310-cp310-manylinux_2_17_s390x.manylinux2014_s390x.whl", hash = "sha256:a80a78046a72361de73f8f395f1f1e49f956c6be882eed58505a15f3e430962b"},
    {file = "PyYAML-6.0-cp310-cp310-manylinux_2_5_x86_64.manylinux1_x86_64.manylinux_2_12_x86_64.manylinux2010_x86_64.whl", hash = "sha256:f84fbc98b019fef2ee9a1cb3ce93e3187a6df0b2538a651bfb890254ba9f90b5"},
    {file = "PyYAML-6.0-cp310-cp310-win32.whl", hash = "sha256:2cd5df3de48857ed0544b34e2d40e9fac445930039f3cfe4bcc592a1f836d513"},
    {file = "PyYAML-6.0-cp310-cp310-win_amd64.whl", hash = "sha256:daf496c58a8c52083df09b80c860005194014c3698698d1a57cbcfa182142a3a"},
    {file = "PyYAML-6.0-cp311-cp311-macosx_10_9_x86_64.whl", hash = "sha256:d4b0ba9512519522b118090257be113b9468d804b19d63c71dbcf4a48fa32358"},
    {file = "PyYAML-6.0-cp311-cp311-macosx_11_0_arm64.whl", hash = "sha256:81957921f441d50af23654aa6c5e5eaf9b06aba7f0a19c18a538dc7ef291c5a1"},
    {file = "PyYAML-6.0-cp311-cp311-manylinux_2_17_aarch64.manylinux2014_aarch64.whl", hash = "sha256:afa17f5bc4d1b10afd4466fd3a44dc0e245382deca5b3c353d8b757f9e3ecb8d"},
    {file = "PyYAML-6.0-cp311-cp311-manylinux_2_17_s390x.manylinux2014_s390x.whl", hash = "sha256:dbad0e9d368bb989f4515da330b88a057617d16b6a8245084f1b05400f24609f"},
    {file = "PyYAML-6.0-cp311-cp311-manylinux_2_17_x86_64.manylinux2014_x86_64.whl", hash = "sha256:432557aa2c09802be39460360ddffd48156e30721f5e8d917f01d31694216782"},
    {file = "PyYAML-6.0-cp311-cp311-win32.whl", hash = "sha256:bfaef573a63ba8923503d27530362590ff4f576c626d86a9fed95822a8255fd7"},
    {file = "PyYAML-6.0-cp311-cp311-win_amd64.whl", hash = "sha256:01b45c0191e6d66c470b6cf1b9531a771a83c1c4208272ead47a3ae4f2f603bf"},
    {file = "PyYAML-6.0-cp36-cp36m-macosx_10_9_x86_64.whl", hash = "sha256:897b80890765f037df3403d22bab41627ca8811ae55e9a722fd0392850ec4d86"},
    {file = "PyYAML-6.0-cp36-cp36m-manylinux_2_17_aarch64.manylinux2014_aarch64.whl", hash = "sha256:50602afada6d6cbfad699b0c7bb50d5ccffa7e46a3d738092afddc1f9758427f"},
    {file = "PyYAML-6.0-cp36-cp36m-manylinux_2_17_s390x.manylinux2014_s390x.whl", hash = "sha256:48c346915c114f5fdb3ead70312bd042a953a8ce5c7106d5bfb1a5254e47da92"},
    {file = "PyYAML-6.0-cp36-cp36m-manylinux_2_5_x86_64.manylinux1_x86_64.manylinux_2_12_x86_64.manylinux2010_x86_64.whl", hash = "sha256:98c4d36e99714e55cfbaaee6dd5badbc9a1ec339ebfc3b1f52e293aee6bb71a4"},
    {file = "PyYAML-6.0-cp36-cp36m-win32.whl", hash = "sha256:0283c35a6a9fbf047493e3a0ce8d79ef5030852c51e9d911a27badfde0605293"},
    {file = "PyYAML-6.0-cp36-cp36m-win_amd64.whl", hash = "sha256:07751360502caac1c067a8132d150cf3d61339af5691fe9e87803040dbc5db57"},
    {file = "PyYAML-6.0-cp37-cp37m-macosx_10_9_x86_64.whl", hash = "sha256:819b3830a1543db06c4d4b865e70ded25be52a2e0631ccd2f6a47a2822f2fd7c"},
    {file = "PyYAML-6.0-cp37-cp37m-manylinux_2_17_aarch64.manylinux2014_aarch64.whl", hash = "sha256:473f9edb243cb1935ab5a084eb238d842fb8f404ed2193a915d1784b5a6b5fc0"},
    {file = "PyYAML-6.0-cp37-cp37m-manylinux_2_17_s390x.manylinux2014_s390x.whl", hash = "sha256:0ce82d761c532fe4ec3f87fc45688bdd3a4c1dc5e0b4a19814b9009a29baefd4"},
    {file = "PyYAML-6.0-cp37-cp37m-manylinux_2_5_x86_64.manylinux1_x86_64.manylinux_2_12_x86_64.manylinux2010_x86_64.whl", hash = "sha256:231710d57adfd809ef5d34183b8ed1eeae3f76459c18fb4a0b373ad56bedcdd9"},
    {file = "PyYAML-6.0-cp37-cp37m-win32.whl", hash = "sha256:c5687b8d43cf58545ade1fe3e055f70eac7a5a1a0bf42824308d868289a95737"},
    {file = "PyYAML-6.0-cp37-cp37m-win_amd64.whl", hash = "sha256:d15a181d1ecd0d4270dc32edb46f7cb7733c7c508857278d3d378d14d606db2d"},
    {file = "PyYAML-6.0-cp38-cp38-macosx_10_9_x86_64.whl", hash = "sha256:0b4624f379dab24d3725ffde76559cff63d9ec94e1736b556dacdfebe5ab6d4b"},
    {file = "PyYAML-6.0-cp38-cp38-manylinux_2_17_aarch64.manylinux2014_aarch64.whl", hash = "sha256:213c60cd50106436cc818accf5baa1aba61c0189ff610f64f4a3e8c6726218ba"},
    {file = "PyYAML-6.0-cp38-cp38-manylinux_2_17_s390x.manylinux2014_s390x.whl", hash = "sha256:9fa600030013c4de8165339db93d182b9431076eb98eb40ee068700c9c813e34"},
    {file = "PyYAML-6.0-cp38-cp38-manylinux_2_5_x86_64.manylinux1_x86_64.manylinux_2_12_x86_64.manylinux2010_x86_64.whl", hash = "sha256:277a0ef2981ca40581a47093e9e2d13b3f1fbbeffae064c1d21bfceba2030287"},
    {file = "PyYAML-6.0-cp38-cp38-win32.whl", hash = "sha256:d4eccecf9adf6fbcc6861a38015c2a64f38b9d94838ac1810a9023a0609e1b78"},
    {file = "PyYAML-6.0-cp38-cp38-win_amd64.whl", hash = "sha256:1e4747bc279b4f613a09eb64bba2ba602d8a6664c6ce6396a4d0cd413a50ce07"},
    {file = "PyYAML-6.0-cp39-cp39-macosx_10_9_x86_64.whl", hash = "sha256:055d937d65826939cb044fc8c9b08889e8c743fdc6a32b33e2390f66013e449b"},
    {file = "PyYAML-6.0-cp39-cp39-macosx_11_0_arm64.whl", hash = "sha256:e61ceaab6f49fb8bdfaa0f92c4b57bcfbea54c09277b1b4f7ac376bfb7a7c174"},
    {file = "PyYAML-6.0-cp39-cp39-manylinux_2_17_aarch64.manylinux2014_aarch64.whl", hash = "sha256:d67d839ede4ed1b28a4e8909735fc992a923cdb84e618544973d7dfc71540803"},
    {file = "PyYAML-6.0-cp39-cp39-manylinux_2_17_s390x.manylinux2014_s390x.whl", hash = "sha256:cba8c411ef271aa037d7357a2bc8f9ee8b58b9965831d9e51baf703280dc73d3"},
    {file = "PyYAML-6.0-cp39-cp39-manylinux_2_5_x86_64.manylinux1_x86_64.manylinux_2_12_x86_64.manylinux2010_x86_64.whl", hash = "sha256:40527857252b61eacd1d9af500c3337ba8deb8fc298940291486c465c8b46ec0"},
    {file = "PyYAML-6.0-cp39-cp39-win32.whl", hash = "sha256:b5b9eccad747aabaaffbc6064800670f0c297e52c12754eb1d976c57e4f74dcb"},
    {file = "PyYAML-6.0-cp39-cp39-win_amd64.whl", hash = "sha256:b3d267842bf12586ba6c734f89d1f5b871df0273157918b0ccefa29deb05c21c"},
    {file = "PyYAML-6.0.tar.gz", hash = "sha256:68fb519c14306fec9720a2a5b45bc9f0c8d1b9c72adf45c37baedfcd949c35a2"},
]

[[package]]
name = "setuptools"
version = "67.6.1"
description = "Easily download, build, install, upgrade, and uninstall Python packages"
category = "dev"
optional = false
python-versions = ">=3.7"
files = [
    {file = "setuptools-67.6.1-py3-none-any.whl", hash = "sha256:e728ca814a823bf7bf60162daf9db95b93d532948c4c0bea762ce62f60189078"},
    {file = "setuptools-67.6.1.tar.gz", hash = "sha256:257de92a9d50a60b8e22abfcbb771571fde0dbf3ec234463212027a4eeecbe9a"},
]

[package.extras]
docs = ["furo", "jaraco.packaging (>=9)", "jaraco.tidelift (>=1.4)", "pygments-github-lexers (==0.0.5)", "rst.linker (>=1.9)", "sphinx (>=3.5)", "sphinx-favicon", "sphinx-hoverxref (<2)", "sphinx-inline-tabs", "sphinx-lint", "sphinx-notfound-page (==0.8.3)", "sphinx-reredirects", "sphinxcontrib-towncrier"]
testing = ["build[virtualenv]", "filelock (>=3.4.0)", "flake8 (<5)", "flake8-2020", "ini2toml[lite] (>=0.9)", "jaraco.envs (>=2.2)", "jaraco.path (>=3.2.0)", "pip (>=19.1)", "pip-run (>=8.8)", "pytest (>=6)", "pytest-black (>=0.3.7)", "pytest-checkdocs (>=2.4)", "pytest-cov", "pytest-enabler (>=1.3)", "pytest-flake8", "pytest-mypy (>=0.9.1)", "pytest-perf", "pytest-timeout", "pytest-xdist", "tomli-w (>=1.0.0)", "virtualenv (>=13.0.0)", "wheel"]
testing-integration = ["build[virtualenv]", "filelock (>=3.4.0)", "jaraco.envs (>=2.2)", "jaraco.path (>=3.2.0)", "pytest", "pytest-enabler", "pytest-xdist", "tomli", "virtualenv (>=13.0.0)", "wheel"]

[[package]]
name = "tomli"
version = "2.0.1"
description = "A lil' TOML parser"
category = "dev"
optional = false
python-versions = ">=3.7"
files = [
    {file = "tomli-2.0.1-py3-none-any.whl", hash = "sha256:939de3e7a6161af0c887ef91b7d41a53e7c5a1ca976325f429cb46ea9bc30ecc"},
    {file = "tomli-2.0.1.tar.gz", hash = "sha256:de526c12914f0c550d15924c62d72abc48d6fe7364aa87328337a31007fe8a4f"},
]

[[package]]
name = "typing-extensions"
version = "4.5.0"
description = "Backported and Experimental Type Hints for Python 3.7+"
category = "dev"
optional = false
python-versions = ">=3.7"
files = [
    {file = "typing_extensions-4.5.0-py3-none-any.whl", hash = "sha256:fb33085c39dd998ac16d1431ebc293a8b3eedd00fd4a32de0ff79002c19511b4"},
    {file = "typing_extensions-4.5.0.tar.gz", hash = "sha256:5cb5f4a79139d699607b3ef622a1dedafa84e115ab0024e0d9c044a9479ca7cb"},
]

[[package]]
name = "virtualenv"
version = "20.21.0"
description = "Virtual Python Environment builder"
category = "dev"
optional = false
python-versions = ">=3.7"
files = [
    {file = "virtualenv-20.21.0-py3-none-any.whl", hash = "sha256:31712f8f2a17bd06234fa97fdf19609e789dd4e3e4bf108c3da71d710651adbc"},
    {file = "virtualenv-20.21.0.tar.gz", hash = "sha256:f50e3e60f990a0757c9b68333c9fdaa72d7188caa417f96af9e52407831a3b68"},
]

[package.dependencies]
distlib = ">=0.3.6,<1"
filelock = ">=3.4.1,<4"
platformdirs = ">=2.4,<4"

[package.extras]
docs = ["furo (>=2022.12.7)", "proselint (>=0.13)", "sphinx (>=6.1.3)", "sphinx-argparse (>=0.4)", "sphinxcontrib-towncrier (>=0.2.1a0)", "towncrier (>=22.12)"]
test = ["covdefaults (>=2.2.2)", "coverage (>=7.1)", "coverage-enable-subprocess (>=1)", "flaky (>=3.7)", "packaging (>=23)", "pytest (>=7.2.1)", "pytest-env (>=0.8.1)", "pytest-freezegun (>=0.4.2)", "pytest-mock (>=3.10)", "pytest-randomly (>=3.12)", "pytest-timeout (>=2.1)"]

[metadata]
lock-version = "2.0"
python-versions = ">=3.8,<4"
content-hash = "b6119e609dd720017a5aade5ae1fba4bd62652c8d6fcfcc691f11b8d75ad13ad"
